// !$*UTF8*$!
{
	archiveVersion = 1;
	classes = {
	};
	objectVersion = 50;
	objects = {

/* Begin PBXBuildFile section */
		D506C7B325404E3C0001614C /* ObjectPicker.swift in Sources */ = {isa = PBXBuildFile; fileRef = D506C7B225404E3C0001614C /* ObjectPicker.swift */; };
		D5741B9C2531CCD9003D26BB /* AppDelegate.swift in Sources */ = {isa = PBXBuildFile; fileRef = D5741B9B2531CCD9003D26BB /* AppDelegate.swift */; };
		D5741B9E2531CCD9003D26BB /* art.scnassets in Resources */ = {isa = PBXBuildFile; fileRef = D5741B9D2531CCD9003D26BB /* art.scnassets */; };
		D5741BA02531CCD9003D26BB /* ViewController.swift in Sources */ = {isa = PBXBuildFile; fileRef = D5741B9F2531CCD9003D26BB /* ViewController.swift */; };
		D5741BA32531CCD9003D26BB /* Main.storyboard in Resources */ = {isa = PBXBuildFile; fileRef = D5741BA12531CCD9003D26BB /* Main.storyboard */; };
		D5741BA82531CCDC003D26BB /* LaunchScreen.storyboard in Resources */ = {isa = PBXBuildFile; fileRef = D5741BA62531CCDC003D26BB /* LaunchScreen.storyboard */; };
		D5AACCC625B20B8000EC8F42 /* Objects.scnassets in Resources */ = {isa = PBXBuildFile; fileRef = D5AACCC525B20B8000EC8F42 /* Objects.scnassets */; };
/* End PBXBuildFile section */

/* Begin PBXFileReference section */
		D506C7B225404E3C0001614C /* ObjectPicker.swift */ = {isa = PBXFileReference; lastKnownFileType = sourcecode.swift; path = ObjectPicker.swift; sourceTree = "<group>"; };
		D5741B982531CCD9003D26BB /* Room Imagine.app */ = {isa = PBXFileReference; explicitFileType = wrapper.application; includeInIndex = 0; path = "Room Imagine.app"; sourceTree = BUILT_PRODUCTS_DIR; };
		D5741B9B2531CCD9003D26BB /* AppDelegate.swift */ = {isa = PBXFileReference; lastKnownFileType = sourcecode.swift; path = AppDelegate.swift; sourceTree = "<group>"; };
		D5741B9D2531CCD9003D26BB /* art.scnassets */ = {isa = PBXFileReference; lastKnownFileType = wrapper.scnassets; path = art.scnassets; sourceTree = "<group>"; };
		D5741B9F2531CCD9003D26BB /* ViewController.swift */ = {isa = PBXFileReference; lastKnownFileType = sourcecode.swift; path = ViewController.swift; sourceTree = "<group>"; };
		D5741BA22531CCD9003D26BB /* Base */ = {isa = PBXFileReference; lastKnownFileType = file.storyboard; name = Base; path = Base.lproj/Main.storyboard; sourceTree = "<group>"; };
		D5741BA72531CCDC003D26BB /* Base */ = {isa = PBXFileReference; lastKnownFileType = file.storyboard; name = Base; path = Base.lproj/LaunchScreen.storyboard; sourceTree = "<group>"; };
		D5741BA92531CCDC003D26BB /* Info.plist */ = {isa = PBXFileReference; lastKnownFileType = text.plist.xml; path = Info.plist; sourceTree = "<group>"; };
		D5AACCC525B20B8000EC8F42 /* Objects.scnassets */ = {isa = PBXFileReference; lastKnownFileType = wrapper.scnassets; path = Objects.scnassets; sourceTree = "<group>"; };
		D5AACCC925B20BCD00EC8F42 /* Assets.xcassets */ = {isa = PBXFileReference; lastKnownFileType = folder.assetcatalog; path = Assets.xcassets; sourceTree = "<group>"; };
/* End PBXFileReference section */

/* Begin PBXFrameworksBuildPhase section */
		D5741B952531CCD9003D26BB /* Frameworks */ = {
			isa = PBXFrameworksBuildPhase;
			buildActionMask = 2147483647;
			files = (
			);
			runOnlyForDeploymentPostprocessing = 0;
		};
/* End PBXFrameworksBuildPhase section */

/* Begin PBXGroup section */
		D5741B8F2531CCD8003D26BB = {
			isa = PBXGroup;
			children = (
				D5741B9A2531CCD9003D26BB /* Room Imagine */,
				D5741B992531CCD9003D26BB /* Products */,
			);
			sourceTree = "<group>";
		};
		D5741B992531CCD9003D26BB /* Products */ = {
			isa = PBXGroup;
			children = (
				D5741B982531CCD9003D26BB /* Room Imagine.app */,
			);
			name = Products;
			sourceTree = "<group>";
		};
		D5741B9A2531CCD9003D26BB /* Room Imagine */ = {
			isa = PBXGroup;
			children = (
				D586CAE62546EF76008BFBB0 /* Controllers */,
				D586CAE72546EFB2008BFBB0 /* Views */,
				D5741B9D2531CCD9003D26BB /* art.scnassets */,
				D5741BA92531CCDC003D26BB /* Info.plist */,
				D5AACCC525B20B8000EC8F42 /* Objects.scnassets */,
				D5AACCC925B20BCD00EC8F42 /* Assets.xcassets */,
			);
			path = "Room Imagine";
			sourceTree = "<group>";
		};
		D586CAE62546EF76008BFBB0 /* Controllers */ = {
			isa = PBXGroup;
			children = (
				D5741B9B2531CCD9003D26BB /* AppDelegate.swift */,
				D5741B9F2531CCD9003D26BB /* ViewController.swift */,
				D506C7B225404E3C0001614C /* ObjectPicker.swift */,
			);
			path = Controllers;
			sourceTree = "<group>";
		};
		D586CAE72546EFB2008BFBB0 /* Views */ = {
			isa = PBXGroup;
			children = (
				D5741BA12531CCD9003D26BB /* Main.storyboard */,
				D5741BA62531CCDC003D26BB /* LaunchScreen.storyboard */,
			);
			path = Views;
			sourceTree = "<group>";
		};
/* End PBXGroup section */

/* Begin PBXNativeTarget section */
		D5741B972531CCD9003D26BB /* Room Imagine */ = {
			isa = PBXNativeTarget;
			buildConfigurationList = D5741BAC2531CCDC003D26BB /* Build configuration list for PBXNativeTarget "Room Imagine" */;
			buildPhases = (
				D5741B942531CCD9003D26BB /* Sources */,
				D5741B952531CCD9003D26BB /* Frameworks */,
				D5741B962531CCD9003D26BB /* Resources */,
			);
			buildRules = (
			);
			dependencies = (
			);
			name = "Room Imagine";
			productName = "Room Imagine";
			productReference = D5741B982531CCD9003D26BB /* Room Imagine.app */;
			productType = "com.apple.product-type.application";
		};
/* End PBXNativeTarget section */

/* Begin PBXProject section */
		D5741B902531CCD8003D26BB /* Project object */ = {
			isa = PBXProject;
			attributes = {
				LastSwiftUpdateCheck = 1200;
				LastUpgradeCheck = 1200;
				TargetAttributes = {
					D5741B972531CCD9003D26BB = {
						CreatedOnToolsVersion = 12.0;
					};
				};
			};
			buildConfigurationList = D5741B932531CCD8003D26BB /* Build configuration list for PBXProject "Room Imagine" */;
			compatibilityVersion = "Xcode 9.3";
			developmentRegion = en;
			hasScannedForEncodings = 0;
			knownRegions = (
				en,
				Base,
			);
			mainGroup = D5741B8F2531CCD8003D26BB;
			productRefGroup = D5741B992531CCD9003D26BB /* Products */;
			projectDirPath = "";
			projectRoot = "";
			targets = (
				D5741B972531CCD9003D26BB /* Room Imagine */,
			);
		};
/* End PBXProject section */

/* Begin PBXResourcesBuildPhase section */
		D5741B962531CCD9003D26BB /* Resources */ = {
			isa = PBXResourcesBuildPhase;
			buildActionMask = 2147483647;
			files = (
				D5AACCC625B20B8000EC8F42 /* Objects.scnassets in Resources */,
				D5741B9E2531CCD9003D26BB /* art.scnassets in Resources */,
				D5741BA82531CCDC003D26BB /* LaunchScreen.storyboard in Resources */,
				D5741BA32531CCD9003D26BB /* Main.storyboard in Resources */,
			);
			runOnlyForDeploymentPostprocessing = 0;
		};
/* End PBXResourcesBuildPhase section */

/* Begin PBXSourcesBuildPhase section */
		D5741B942531CCD9003D26BB /* Sources */ = {
			isa = PBXSourcesBuildPhase;
			buildActionMask = 2147483647;
			files = (
				D5741BA02531CCD9003D26BB /* ViewController.swift in Sources */,
				D506C7B325404E3C0001614C /* ObjectPicker.swift in Sources */,
				D5741B9C2531CCD9003D26BB /* AppDelegate.swift in Sources */,
			);
			runOnlyForDeploymentPostprocessing = 0;
		};
/* End PBXSourcesBuildPhase section */

/* Begin PBXVariantGroup section */
		D5741BA12531CCD9003D26BB /* Main.storyboard */ = {
			isa = PBXVariantGroup;
			children = (
				D5741BA22531CCD9003D26BB /* Base */,
			);
			name = Main.storyboard;
			sourceTree = "<group>";
		};
		D5741BA62531CCDC003D26BB /* LaunchScreen.storyboard */ = {
			isa = PBXVariantGroup;
			children = (
				D5741BA72531CCDC003D26BB /* Base */,
			);
			name = LaunchScreen.storyboard;
			sourceTree = "<group>";
		};
/* End PBXVariantGroup section */

/* Begin XCBuildConfiguration section */
		D5741BAA2531CCDC003D26BB /* Debug */ = {
			isa = XCBuildConfiguration;
			buildSettings = {
				ALWAYS_SEARCH_USER_PATHS = NO;
				CLANG_ANALYZER_NONNULL = YES;
				CLANG_ANALYZER_NUMBER_OBJECT_CONVERSION = YES_AGGRESSIVE;
				CLANG_CXX_LANGUAGE_STANDARD = "gnu++14";
				CLANG_CXX_LIBRARY = "libc++";
				CLANG_ENABLE_MODULES = YES;
				CLANG_ENABLE_OBJC_ARC = YES;
				CLANG_ENABLE_OBJC_WEAK = YES;
				CLANG_WARN_BLOCK_CAPTURE_AUTORELEASING = YES;
				CLANG_WARN_BOOL_CONVERSION = YES;
				CLANG_WARN_COMMA = YES;
				CLANG_WARN_CONSTANT_CONVERSION = YES;
				CLANG_WARN_DEPRECATED_OBJC_IMPLEMENTATIONS = YES;
				CLANG_WARN_DIRECT_OBJC_ISA_USAGE = YES_ERROR;
				CLANG_WARN_DOCUMENTATION_COMMENTS = YES;
				CLANG_WARN_EMPTY_BODY = YES;
				CLANG_WARN_ENUM_CONVERSION = YES;
				CLANG_WARN_INFINITE_RECURSION = YES;
				CLANG_WARN_INT_CONVERSION = YES;
				CLANG_WARN_NON_LITERAL_NULL_CONVERSION = YES;
				CLANG_WARN_OBJC_IMPLICIT_RETAIN_SELF = YES;
				CLANG_WARN_OBJC_LITERAL_CONVERSION = YES;
				CLANG_WARN_OBJC_ROOT_CLASS = YES_ERROR;
				CLANG_WARN_QUOTED_INCLUDE_IN_FRAMEWORK_HEADER = YES;
				CLANG_WARN_RANGE_LOOP_ANALYSIS = YES;
				CLANG_WARN_STRICT_PROTOTYPES = YES;
				CLANG_WARN_SUSPICIOUS_MOVE = YES;
				CLANG_WARN_UNGUARDED_AVAILABILITY = YES_AGGRESSIVE;
				CLANG_WARN_UNREACHABLE_CODE = YES;
				CLANG_WARN__DUPLICATE_METHOD_MATCH = YES;
				COPY_PHASE_STRIP = NO;
				DEBUG_INFORMATION_FORMAT = dwarf;
				ENABLE_STRICT_OBJC_MSGSEND = YES;
				ENABLE_TESTABILITY = YES;
				GCC_C_LANGUAGE_STANDARD = gnu11;
				GCC_DYNAMIC_NO_PIC = NO;
				GCC_NO_COMMON_BLOCKS = YES;
				GCC_OPTIMIZATION_LEVEL = 0;
				GCC_PREPROCESSOR_DEFINITIONS = (
					"DEBUG=1",
					"$(inherited)",
				);
				GCC_WARN_64_TO_32_BIT_CONVERSION = YES;
				GCC_WARN_ABOUT_RETURN_TYPE = YES_ERROR;
				GCC_WARN_UNDECLARED_SELECTOR = YES;
				GCC_WARN_UNINITIALIZED_AUTOS = YES_AGGRESSIVE;
				GCC_WARN_UNUSED_FUNCTION = YES;
				GCC_WARN_UNUSED_VARIABLE = YES;
				IPHONEOS_DEPLOYMENT_TARGET = 14.0;
				MTL_ENABLE_DEBUG_INFO = INCLUDE_SOURCE;
				MTL_FAST_MATH = YES;
				ONLY_ACTIVE_ARCH = YES;
				SDKROOT = iphoneos;
				SWIFT_ACTIVE_COMPILATION_CONDITIONS = DEBUG;
				SWIFT_OPTIMIZATION_LEVEL = "-Onone";
			};
			name = Debug;
		};
		D5741BAB2531CCDC003D26BB /* Release */ = {
			isa = XCBuildConfiguration;
			buildSettings = {
				ALWAYS_SEARCH_USER_PATHS = NO;
				CLANG_ANALYZER_NONNULL = YES;
				CLANG_ANALYZER_NUMBER_OBJECT_CONVERSION = YES_AGGRESSIVE;
				CLANG_CXX_LANGUAGE_STANDARD = "gnu++14";
				CLANG_CXX_LIBRARY = "libc++";
				CLANG_ENABLE_MODULES = YES;
				CLANG_ENABLE_OBJC_ARC = YES;
				CLANG_ENABLE_OBJC_WEAK = YES;
				CLANG_WARN_BLOCK_CAPTURE_AUTORELEASING = YES;
				CLANG_WARN_BOOL_CONVERSION = YES;
				CLANG_WARN_COMMA = YES;
				CLANG_WARN_CONSTANT_CONVERSION = YES;
				CLANG_WARN_DEPRECATED_OBJC_IMPLEMENTATIONS = YES;
				CLANG_WARN_DIRECT_OBJC_ISA_USAGE = YES_ERROR;
				CLANG_WARN_DOCUMENTATION_COMMENTS = YES;
				CLANG_WARN_EMPTY_BODY = YES;
				CLANG_WARN_ENUM_CONVERSION = YES;
				CLANG_WARN_INFINITE_RECURSION = YES;
				CLANG_WARN_INT_CONVERSION = YES;
				CLANG_WARN_NON_LITERAL_NULL_CONVERSION = YES;
				CLANG_WARN_OBJC_IMPLICIT_RETAIN_SELF = YES;
				CLANG_WARN_OBJC_LITERAL_CONVERSION = YES;
				CLANG_WARN_OBJC_ROOT_CLASS = YES_ERROR;
				CLANG_WARN_QUOTED_INCLUDE_IN_FRAMEWORK_HEADER = YES;
				CLANG_WARN_RANGE_LOOP_ANALYSIS = YES;
				CLANG_WARN_STRICT_PROTOTYPES = YES;
				CLANG_WARN_SUSPICIOUS_MOVE = YES;
				CLANG_WARN_UNGUARDED_AVAILABILITY = YES_AGGRESSIVE;
				CLANG_WARN_UNREACHABLE_CODE = YES;
				CLANG_WARN__DUPLICATE_METHOD_MATCH = YES;
				COPY_PHASE_STRIP = NO;
				DEBUG_INFORMATION_FORMAT = "dwarf-with-dsym";
				ENABLE_NS_ASSERTIONS = NO;
				ENABLE_STRICT_OBJC_MSGSEND = YES;
				GCC_C_LANGUAGE_STANDARD = gnu11;
				GCC_NO_COMMON_BLOCKS = YES;
				GCC_WARN_64_TO_32_BIT_CONVERSION = YES;
				GCC_WARN_ABOUT_RETURN_TYPE = YES_ERROR;
				GCC_WARN_UNDECLARED_SELECTOR = YES;
				GCC_WARN_UNINITIALIZED_AUTOS = YES_AGGRESSIVE;
				GCC_WARN_UNUSED_FUNCTION = YES;
				GCC_WARN_UNUSED_VARIABLE = YES;
				IPHONEOS_DEPLOYMENT_TARGET = 14.0;
				MTL_ENABLE_DEBUG_INFO = NO;
				MTL_FAST_MATH = YES;
				SDKROOT = iphoneos;
				SWIFT_COMPILATION_MODE = wholemodule;
				SWIFT_OPTIMIZATION_LEVEL = "-O";
				VALIDATE_PRODUCT = YES;
			};
			name = Release;
		};
		D5741BAD2531CCDC003D26BB /* Debug */ = {
			isa = XCBuildConfiguration;
			buildSettings = {
				ASSETCATALOG_COMPILER_APPICON_NAME = AppIcon;
				ASSETCATALOG_COMPILER_GLOBAL_ACCENT_COLOR_NAME = AccentColor;
				CODE_SIGN_STYLE = Automatic;
				DEVELOPMENT_TEAM = R249R58965;
				INFOPLIST_FILE = "Room Imagine/Info.plist";
				IPHONEOS_DEPLOYMENT_TARGET = 14.0;
				LD_RUNPATH_SEARCH_PATHS = (
					"$(inherited)",
					"@executable_path/Frameworks",
				);
				PRODUCT_BUNDLE_IDENTIFIER = "com.gerczix.Room-Imagine";
				PRODUCT_NAME = "$(TARGET_NAME)";
				SWIFT_VERSION = 5.0;
				TARGETED_DEVICE_FAMILY = "1,2";
			};
			name = Debug;
		};
		D5741BAE2531CCDC003D26BB /* Release */ = {
			isa = XCBuildConfiguration;
			buildSettings = {
				ASSETCATALOG_COMPILER_APPICON_NAME = AppIcon;
				ASSETCATALOG_COMPILER_GLOBAL_ACCENT_COLOR_NAME = AccentColor;
				CODE_SIGN_STYLE = Automatic;
				DEVELOPMENT_TEAM = R249R58965;
				INFOPLIST_FILE = "Room Imagine/Info.plist";
				IPHONEOS_DEPLOYMENT_TARGET = 14.0;
				LD_RUNPATH_SEARCH_PATHS = (
					"$(inherited)",
					"@executable_path/Frameworks",
				);
				PRODUCT_BUNDLE_IDENTIFIER = "com.gerczix.Room-Imagine";
				PRODUCT_NAME = "$(TARGET_NAME)";
				SWIFT_VERSION = 5.0;
				TARGETED_DEVICE_FAMILY = "1,2";
			};
			name = Release;
		};
/* End XCBuildConfiguration section */

/* Begin XCConfigurationList section */
		D5741B932531CCD8003D26BB /* Build configuration list for PBXProject "Room Imagine" */ = {
			isa = XCConfigurationList;
			buildConfigurations = (
				D5741BAA2531CCDC003D26BB /* Debug */,
				D5741BAB2531CCDC003D26BB /* Release */,
			);
			defaultConfigurationIsVisible = 0;
			defaultConfigurationName = Release;
		};
		D5741BAC2531CCDC003D26BB /* Build configuration list for PBXNativeTarget "Room Imagine" */ = {
			isa = XCConfigurationList;
			buildConfigurations = (
				D5741BAD2531CCDC003D26BB /* Debug */,
				D5741BAE2531CCDC003D26BB /* Release */,
			);
			defaultConfigurationIsVisible = 0;
			defaultConfigurationName = Release;
		};
/* End XCConfigurationList section */
	};
	rootObject = D5741B902531CCD8003D26BB /* Project object */;
}
